# THIS IS AN AUTOGENERATED FILE. DO NOT EDIT THIS FILE DIRECTLY.
# yarn lockfile v1


"@types/sanitize-html@^1.27.0":
  version "1.27.0"
  resolved "https://registry.yarnpkg.com/@types/sanitize-html/-/sanitize-html-1.27.0.tgz#77702dc856f16efecc005014c1d2e45b1f2cbc56"
  integrity sha512-j7Vnh3P7W4ZcoRsHNO2HpwA2m1d0c2+l39xqSQqH0+WlfcvKypgZp45eCC7NJ75ZyXPxNb2PSbIL6LtZ6E0Qbw==
  dependencies:
    htmlparser2 "^4.1.0"

colorette@^1.2.1:
  version "1.2.1"
  resolved "https://registry.yarnpkg.com/colorette/-/colorette-1.2.1.tgz#4d0b921325c14faf92633086a536db6e89564b1b"
  integrity sha512-puCDz0CzydiSYOrnXpz/PKd69zRrribezjtE9yd4zvytoRc8+RY/KJPvtPFKZS3E3wP6neGyMe0vOTlHO5L3Pw==

deepmerge@^4.2.2:
  version "4.2.2"
  resolved "https://registry.yarnpkg.com/deepmerge/-/deepmerge-4.2.2.tgz#44d2ea3679b8f4d4ffba33f03d865fc1e7bf4955"
  integrity sha512-FJ3UgI4gIl+PHZm53knsuSFpE+nESMr7M4v9QcgB7S63Kj/6WqMiFQJpBBYz1Pt+66bZpP3Q7Lye0Oo9MPKEdg==

dom-serializer@^1.0.1:
  version "1.1.0"
  resolved "https://registry.yarnpkg.com/dom-serializer/-/dom-serializer-1.1.0.tgz#5f7c828f1bfc44887dc2a315ab5c45691d544b58"
  integrity sha512-ox7bvGXt2n+uLWtCRLybYx60IrOlWL/aCebWJk1T0d4m3y2tzf4U3ij9wBMUb6YJZpz06HCCYuyCDveE2xXmzQ==
  dependencies:
    domelementtype "^2.0.1"
    domhandler "^3.0.0"
    entities "^2.0.0"

domelementtype@^2.0.1:
  version "2.0.2"
  resolved "https://registry.yarnpkg.com/domelementtype/-/domelementtype-2.0.2.tgz#f3b6e549201e46f588b59463dd77187131fe6971"
  integrity sha512-wFwTwCVebUrMgGeAwRL/NhZtHAUyT9n9yg4IMDwf10+6iCMxSkVq9MGCVEH+QZWo1nNidy8kNvwmv4zWHDTqvA==

domhandler@^3.0.0, domhandler@^3.3.0:
  version "3.3.0"
  resolved "https://registry.yarnpkg.com/domhandler/-/domhandler-3.3.0.tgz#6db7ea46e4617eb15cf875df68b2b8524ce0037a"
  integrity sha512-J1C5rIANUbuYK+FuFL98650rihynUOEzRLxW+90bKZRWB6A1X1Tf82GxR1qAWLyfNPRvjqfip3Q5tdYlmAa9lA==
  dependencies:
    domelementtype "^2.0.1"

domutils@^2.0.0:
  version "2.4.2"
  resolved "https://registry.yarnpkg.com/domutils/-/domutils-2.4.2.tgz#7ee5be261944e1ad487d9aa0616720010123922b"
  integrity sha512-NKbgaM8ZJOecTZsIzW5gSuplsX2IWW2mIK7xVr8hTQF2v1CJWTmLZ1HOCh5sH+IzVPAGE5IucooOkvwBRAdowA==
  dependencies:
    dom-serializer "^1.0.1"
    domelementtype "^2.0.1"
    domhandler "^3.3.0"

entities@^2.0.0:
  version "2.1.0"
  resolved "https://registry.yarnpkg.com/entities/-/entities-2.1.0.tgz#992d3129cf7df6870b96c57858c249a120f8b8b5"
  integrity sha512-hCx1oky9PFrJ611mf0ifBLBRW8lUUVRlFolb5gWRfIELabBlbp9xZvrqZLZAs+NxFnbfQoeGd8wDkygjg7U85w==

escape-string-regexp@^4.0.0:
  version "4.0.0"
  resolved "https://registry.yarnpkg.com/escape-string-regexp/-/escape-string-regexp-4.0.0.tgz#14ba83a5d373e3d311e5afca29cf5bfad965bf34"
  integrity sha512-TtpcNJ3XAzx3Gq8sWRzJaVajRs0uVxA2YAkdb1jm2YkPz4G6egUFAyA3n5vtEIZefPk5Wa4UXbKuS5fKkJWdgA==

htmlparser2@^4.1.0:
  version "4.1.0"
  resolved "https://registry.yarnpkg.com/htmlparser2/-/htmlparser2-4.1.0.tgz#9a4ef161f2e4625ebf7dfbe6c0a2f52d18a59e78"
  integrity sha512-4zDq1a1zhE4gQso/c5LP1OtrhYTncXNSpvJYtWJBtXAETPlMfi3IFNjGuQbYLuVY4ZR0QMqRVvo4Pdy9KLyP8Q==
  dependencies:
    domelementtype "^2.0.1"
    domhandler "^3.0.0"
    domutils "^2.0.0"
    entities "^2.0.0"

is-plain-object@^5.0.0:
  version "5.0.0"
  resolved "https://registry.yarnpkg.com/is-plain-object/-/is-plain-object-5.0.0.tgz#4427f50ab3429e9025ea7d52e9043a9ef4159344"
  integrity sha512-VRSzKkbMm5jMDoKLbltAkFQ5Qr7VDiTFGXxYFXXowVj387GeGNOCsOH6Msy00SGZ3Fp84b1Naa1psqgcCIEP5Q==

isarray@1.0.0, isarray@^1.0.0:
  version "1.0.0"
  resolved "https://registry.yarnpkg.com/isarray/-/isarray-1.0.0.tgz#bb935d48582cba168c06834957a54a3e07124f11"
  integrity sha1-u5NdSFgsuhaMBoNJV6VKPgcSTxE=

isobject@^2.0.0:
  version "2.1.0"
  resolved "https://registry.yarnpkg.com/isobject/-/isobject-2.1.0.tgz#f065561096a3f1da2ef46272f815c840d87e0c89"
  integrity sha1-8GVWEJaj8dou9GJy+BXIQNh+DIk=
  dependencies:
    isarray "1.0.0"

klona@^2.0.3:
  version "2.0.4"
  resolved "https://registry.yarnpkg.com/klona/-/klona-2.0.4.tgz#7bb1e3affb0cb8624547ef7e8f6708ea2e39dfc0"
  integrity sha512-ZRbnvdg/NxqzC7L9Uyqzf4psi1OM4Cuc+sJAkQPjO6XkQIJTNbfK2Rsmbw8fx1p2mkZdp2FZYo2+LwXYY/uwIA==

line-column@^1.0.2:
  version "1.0.2"
  resolved "https://registry.yarnpkg.com/line-column/-/line-column-1.0.2.tgz#d25af2936b6f4849172b312e4792d1d987bc34a2"
  integrity sha1-0lryk2tvSEkXKzEuR5LR2Ye8NKI=
  dependencies:
    isarray "^1.0.0"
    isobject "^2.0.0"

nanoid@^3.1.12:
  version "3.1.12"
  resolved "https://registry.yarnpkg.com/nanoid/-/nanoid-3.1.12.tgz#6f7736c62e8d39421601e4a0c77623a97ea69654"
  integrity sha512-1qstj9z5+x491jfiC4Nelk+f8XBad7LN20PmyWINJEMRSf3wcAjAWysw1qaA8z6NSKe2sjq1hRSDpBH5paCb6A==

parse-srcset@^1.0.2:
  version "1.0.2"
  resolved "https://registry.yarnpkg.com/parse-srcset/-/parse-srcset-1.0.2.tgz#f2bd221f6cc970a938d88556abc589caaaa2bde1"
  integrity sha1-8r0iH2zJcKk42IVWq8WJyqqiveE=

postcss@^8.0.2:
  version "8.1.2"
  resolved "https://registry.yarnpkg.com/postcss/-/postcss-8.1.2.tgz#9731fcaa4f7b0bef47121821bdae9eeb609a324c"
  integrity sha512-mToqEVFq8jF9TFhlIK4HhE34zknFJuNTgqtsr60vUvrWn+9TIYugCwiV1JZRxCuOrej2jjstun1bn4Bc7/1HkA==
  dependencies:
    colorette "^1.2.1"
    line-column "^1.0.2"
    nanoid "^3.1.12"
    source-map "^0.6.1"

sanitize-html@^2.1.0:
  version "2.1.0"
  resolved "https://registry.yarnpkg.com/sanitize-html/-/sanitize-html-2.1.0.tgz#fd7ae54981277cbda8dbd844c273088acf928d94"
  integrity sha512-KmMfD0jJGigON1Ll0snYz6QgK+L3wYoi6Zl4jSUZT/rg5Pw55zIKAQSjCiZmxL5izM+qJSFr+PW9WGHuiYobgA==
  dependencies:
    deepmerge "^4.2.2"
    escape-string-regexp "^4.0.0"
    htmlparser2 "^4.1.0"
    is-plain-object "^5.0.0"
    klona "^2.0.3"
    parse-srcset "^1.0.2"
    postcss "^8.0.2"

source-map@^0.6.1:
  version "0.6.1"
  resolved "https://registry.yarnpkg.com/source-map/-/source-map-0.6.1.tgz#74722af32e9614e9c287a8d0bbde48b5e2f1a263"
  integrity sha512-UjgapumWlbMhkBgzT7Ykc5YXUT46F0iKu8SGXq0bcwP5dz/h0Plj6enJqjz1Zbq2l5WaqYnrVbwWOWMyF3F47g==
